
Microsoft Visual Studio Solution File, Format Version 12.00
# Visual Studio Version 17
VisualStudioVersion = 17.5.33516.290
MinimumVisualStudioVersion = 10.0.40219.1
Project("{9A19103F-16F7-4668-BE54-9A1E7A4F7556}") = "DemoQA.Settings", "DemoQA.Settings\DemoQA.Settings.csproj", "{1A16FD93-B7BC-4828-9D08-0E2F26A2B8D3}"
EndProject
Project("{2150E333-8FDC-42A3-9474-1A3956D46DE8}") = "SolutionItems", "SolutionItems", "{0ADA1956-7659-4AA7-9205-28FDD9BA5C7A}"
	ProjectSection(SolutionItems) = preProject
		Directory.Packages.props = Directory.Packages.props
	EndProjectSection
EndProject
Project("{9A19103F-16F7-4668-BE54-9A1E7A4F7556}") = "DemoQA.Core", "DemoQA.Core\DemoQA.Core.csproj", "{FB1EF1BC-7AD9-48FA-9928-4A91C9E61A63}"
EndProject
Project("{9A19103F-16F7-4668-BE54-9A1E7A4F7556}") = "DemoQA.Pages", "DemoQA.Pages\DemoQA.Pages.csproj", "{CFC06D82-9D76-46E5-ADEE-517DA4362D59}"
EndProject
Project("{9A19103F-16F7-4668-BE54-9A1E7A4F7556}") = "DemoQA.TestData", "DemoQA.TestData\DemoQA.TestData.csproj", "{D68CE34B-C1D6-4859-95B8-6514D3045B7B}"
EndProject
Project("{9A19103F-16F7-4668-BE54-9A1E7A4F7556}") = "DemoQA.Tests.UI", "DemoQA.Tests.UI\DemoQA.Tests.UI.csproj", "{CEB5C544-A40C-4144-A2AB-2D2A9709E9A2}"
EndProject
Global
	GlobalSection(SolutionConfigurationPlatforms) = preSolution
		Debug|Any CPU = Debug|Any CPU
		Release|Any CPU = Release|Any CPU
	EndGlobalSection
	GlobalSection(ProjectConfigurationPlatforms) = postSolution
		{1A16FD93-B7BC-4828-9D08-0E2F26A2B8D3}.Debug|Any CPU.ActiveCfg = Debug|Any CPU
		{1A16FD93-B7BC-4828-9D08-0E2F26A2B8D3}.Debug|Any CPU.Build.0 = Debug|Any CPU
		{1A16FD93-B7BC-4828-9D08-0E2F26A2B8D3}.Release|Any CPU.ActiveCfg = Release|Any CPU
		{1A16FD93-B7BC-4828-9D08-0E2F26A2B8D3}.Release|Any CPU.Build.0 = Release|Any CPU
		{FB1EF1BC-7AD9-48FA-9928-4A91C9E61A63}.Debug|Any CPU.ActiveCfg = Debug|Any CPU
		{FB1EF1BC-7AD9-48FA-9928-4A91C9E61A63}.Debug|Any CPU.Build.0 = Debug|Any CPU
		{FB1EF1BC-7AD9-48FA-9928-4A91C9E61A63}.Release|Any CPU.ActiveCfg = Release|Any CPU
		{FB1EF1BC-7AD9-48FA-9928-4A91C9E61A63}.Release|Any CPU.Build.0 = Release|Any CPU
		{CFC06D82-9D76-46E5-ADEE-517DA4362D59}.Debug|Any CPU.ActiveCfg = Debug|Any CPU
		{CFC06D82-9D76-46E5-ADEE-517DA4362D59}.Debug|Any CPU.Build.0 = Debug|Any CPU
		{CFC06D82-9D76-46E5-ADEE-517DA4362D59}.Release|Any CPU.ActiveCfg = Release|Any CPU
		{CFC06D82-9D76-46E5-ADEE-517DA4362D59}.Release|Any CPU.Build.0 = Release|Any CPU
		{D68CE34B-C1D6-4859-95B8-6514D3045B7B}.Debug|Any CPU.ActiveCfg = Debug|Any CPU
		{D68CE34B-C1D6-4859-95B8-6514D3045B7B}.Debug|Any CPU.Build.0 = Debug|Any CPU
		{D68CE34B-C1D6-4859-95B8-6514D3045B7B}.Release|Any CPU.ActiveCfg = Release|Any CPU
		{D68CE34B-C1D6-4859-95B8-6514D3045B7B}.Release|Any CPU.Build.0 = Release|Any CPU
		{CEB5C544-A40C-4144-A2AB-2D2A9709E9A2}.Debug|Any CPU.ActiveCfg = Debug|Any CPU
		{CEB5C544-A40C-4144-A2AB-2D2A9709E9A2}.Debug|Any CPU.Build.0 = Debug|Any CPU
		{CEB5C544-A40C-4144-A2AB-2D2A9709E9A2}.Release|Any CPU.ActiveCfg = Release|Any CPU
		{CEB5C544-A40C-4144-A2AB-2D2A9709E9A2}.Release|Any CPU.Build.0 = Release|Any CPU
	EndGlobalSection
	GlobalSection(SolutionProperties) = preSolution
		HideSolutionNode = FALSE
	EndGlobalSection
	GlobalSection(ExtensibilityGlobals) = postSolution
		SolutionGuid = {5CC265E8-94EF-4B94-AEF3-B11F35C61276}
	EndGlobalSection
EndGlobal
